{
  "allotment": {
    "entries": 39,
    "sha256": "1eea61579a34f125cc079f20c55398199ba407efcc3ee87023bee5e4a9ca2671",
    "url": "https://raw.githubusercontent.com/itdoginfo/allow-domains/main/Russia/outside-raw.lst"
  },
  "catalogue": {
    "bytes": 59248,
    "category-ads": 2,
    "private": 131,
    "sha256": "7df3b920a6767a13986a7c2989167c45c1649a1d2956353b62ca7355115a0d42",
    "torrent": 418,
    "whitelist": 1925,
    "win-spy": 323
  },
  "category-ads": {
    "entries": 2,
    "sha256": "c071863c1332f4a8b6a3c39bb5b9e8344f12e47ddeb6bd4d660d61c5518f4dc9",
    "url": "https://raw.githubusercontent.com/hydraponique/roscomvpn-geosite/master/data/category-ads"
  },
  "guards": {
    "blocked_direct": 10,
    "blocked_direct_new": [],
    "coverage_lost": []
  },
  "harvested": "202609081426",
  "homegrown": {
    "entries": 0,
    "path": "varieties/homegrown"
  },
  "orchard": {
    "entries": 467,
    "sha256": "c369ee5b0c1991eeac520135cbdeb8bb34655cc37f53bc1e6bc1d947da97b50b",
    "url": "https://raw.githubusercontent.com/hydraponique/roscomvpn-geosite/master/data/whitelist"
  },
  "profile": {
    "region_register": "https://cdn.jsdelivr.net/gh/hydraponique/roscomvpn-geoip@202609260832/release/geoip.dat",
    "sha256": "ce81512c925ae4c0cab01f9cecced79efee14f2c51b98e7f463b1456bc0412e3",
    "url": "https://raw.githubusercontent.com/hydraponique/roscomvpn-routing/main/HAPP/WHITELIST.DEEPLINK"
  },
  "refused": {
    "count": 18,
    "worst": [
      "ru (19463 blocked)",
      "xn--p1ai (2081 blocked)",
      "su (339 blocked)",
      "moscow (34 blocked)",
      "at.ua (22 blocked)",
      "xn--p1acf (17 blocked)",
      "xn--80adxhks (9 blocked)",
      "ru.com (9 blocked)",
      "xn--80asehdb (8 blocked)",
      "xn--80aswg (7 blocked)"
    ]
  },
  "register": {
    "bytes": 73703302,
    "sections": {
      "AUTORU": 5,
      "CATEGORY-AI-RU": 12,
      "CATEGORY-BANK-RU": 313,
      "CATEGORY-BETTING-RU": 13,
      "CATEGORY-ECOMMERCE-RU": 199,
      "CATEGORY-EDUCATION-RU": 19,
      "CATEGORY-ENTERTAINMENT-RU": 31,
      "CATEGORY-FORUMS-RU": 10,
      "CATEGORY-GOV-RU": 142,
      "CATEGORY-MEDIA-RU": 141,
      "CATEGORY-MEDICINE-RU": 34,
      "CATEGORY-RETAIL-RU": 82,
      "CATEGORY-RU": 1103,
      "CATEGORY-TECH-MEDIA-RU": 34,
      "CATEGORY-TRAVEL-RU": 25,
      "MAILRU": 300,
      "MTS-RU": 12,
      "NIC-RU": 4,
      "REGRU": 3,
      "RU-AVAILABLE-ONLY-INSIDE": 167,
      "SBER": 98,
      "T2-RU": 3,
      "TBANK-RU": 112,
      "YANDEX": 131
    },
    "sha256": "76fdbe01687a6cc7683b50c38ceea84941458e8371d215918daf555665a537cd",
    "url": "https://github.com/runetfreedom/russia-v2ray-rules-dat/releases/latest/download/geosite.dat"
  },
  "relinked": "202609261124",
  "sources": {
    "sha256": "024987b1b5bc22d1b1b461fdd07262296d89ed0fe4c53bae9e72af9618d167c7"
  },
  "torrent": {
    "entries": 434,
    "sha256": "c180313389e1101615ca6081740d303f81000cfcf79c44d63ebfa165134f77c9",
    "url": "https://raw.githubusercontent.com/hydraponique/roscomvpn-geosite/master/data/torrent"
  },
  "win-spy": {
    "entries": 376,
    "sha256": "2d1782b3a1a86c92eb7fb74cf27e8763a4ecbbc4bf4a70c3c3c147aed9475adf",
    "url": "https://raw.githubusercontent.com/hydraponique/roscomvpn-geosite/master/data/win-spy"
  }
}
