{
  "allotment": {
    "entries": 39,
    "sha256": "1eea61579a34f125cc079f20c55398199ba407efcc3ee87023bee5e4a9ca2671",
    "url": "https://raw.githubusercontent.com/itdoginfo/allow-domains/main/Russia/outside-raw.lst"
  },
  "catalogue": {
    "bytes": 31697,
    "category-ads": 2,
    "private": 131,
    "sha256": "8ae77a913959f8f278c14fe473a67d5e6d2f42672c06565231b6241e27261495",
    "torrent": 418,
    "whitelist": 501,
    "win-spy": 323
  },
  "category-ads": {
    "entries": 2,
    "sha256": "c071863c1332f4a8b6a3c39bb5b9e8344f12e47ddeb6bd4d660d61c5518f4dc9",
    "url": "https://raw.githubusercontent.com/hydraponique/roscomvpn-geosite/master/data/category-ads"
  },
  "harvested": "202609062243",
  "homegrown": {
    "entries": 0,
    "path": "varieties/homegrown"
  },
  "orchard": {
    "entries": 467,
    "sha256": "c369ee5b0c1991eeac520135cbdeb8bb34655cc37f53bc1e6bc1d947da97b50b",
    "url": "https://raw.githubusercontent.com/hydraponique/roscomvpn-geosite/master/data/whitelist"
  },
  "profile": {
    "region_register": "https://cdn.jsdelivr.net/gh/hydraponique/roscomvpn-geoip@202609080801/release/geoip.dat",
    "sha256": "1eb019eab2ac443e02ffb03f890489fae7496ba4c06f60ba6ce065fcf30c9638",
    "url": "https://raw.githubusercontent.com/hydraponique/roscomvpn-routing/main/HAPP/WHITELIST.DEEPLINK"
  },
  "register": {
    "bytes": 5404248,
    "sections": {
      "CATEGORY-GOV-RU": 142,
      "RU-AVAILABLE-ONLY-INSIDE": 167
    },
    "sha256": "95f94a984229a368eac96ab5f412242cb77da2dfc998d282a2e8ea56bd359809",
    "url": "https://github.com/runetfreedom/russia-blocked-geosite/releases/latest/download/geosite-ru-only.dat"
  },
  "relinked": "202609081349",
  "torrent": {
    "entries": 434,
    "sha256": "c180313389e1101615ca6081740d303f81000cfcf79c44d63ebfa165134f77c9",
    "url": "https://raw.githubusercontent.com/hydraponique/roscomvpn-geosite/master/data/torrent"
  },
  "win-spy": {
    "entries": 376,
    "sha256": "2d1782b3a1a86c92eb7fb74cf27e8763a4ecbbc4bf4a70c3c3c147aed9475adf",
    "url": "https://raw.githubusercontent.com/hydraponique/roscomvpn-geosite/master/data/win-spy"
  }
}
